
Microsoft Visual Studio Solution File, Format Version 12.00
# Visual Studio Version 17
VisualStudioVersion = 17.11.35208.52
MinimumVisualStudioVersion = 10.0.40219.1
Project("{FAE04EC0-301F-11D3-BF4B-00C04F79EFBC}") = "weather-web", "weather-web\weather-web.csproj", "{BFA9A99C-F32E-4AB8-80BE-949A2616091C}"
EndProject
Global
	GlobalSection(SolutionConfigurationPlatforms) = preSolution
		Debug|Any CPU = Debug|Any CPU
		Release|Any CPU = Release|Any CPU
	EndGlobalSection
	GlobalSection(ProjectConfigurationPlatforms) = postSolution
		{BFA9A99C-F32E-4AB8-80BE-949A2616091C}.Debug|Any CPU.ActiveCfg = Debug|Any CPU
		{BFA9A99C-F32E-4AB8-80BE-949A2616091C}.Debug|Any CPU.Build.0 = Debug|Any CPU
		{BFA9A99C-F32E-4AB8-80BE-949A2616091C}.Release|Any CPU.ActiveCfg = Release|Any CPU
		{BFA9A99C-F32E-4AB8-80BE-949A2616091C}.Release|Any CPU.Build.0 = Release|Any CPU
	EndGlobalSection
	GlobalSection(SolutionProperties) = preSolution
		HideSolutionNode = FALSE
	EndGlobalSection
	GlobalSection(ExtensibilityGlobals) = postSolution
		SolutionGuid = {84EF322E-8312-4F1F-8F02-EA51F2C1D87B}
	EndGlobalSection
EndGlobal
